
Microsoft Visual Studio Solution File, Format Version 12.00
# Visual Studio 14
VisualStudioVersion = 14.0.25123.0
MinimumVisualStudioVersion = 10.0.40219.1
Project("{FAE04EC0-301F-11D3-BF4B-00C04F79EFBC}") = "Data", "DATA\Data.csproj", "{7B8E5DE4-3DF8-44AF-AF12-AD4825907585}"
EndProject
Project("{FAE04EC0-301F-11D3-BF4B-00C04F79EFBC}") = "API", "API\API.csproj", "{F1FF0679-85EF-458D-A4DF-753F4DA767DB}"
EndProject
Project("{FAE04EC0-301F-11D3-BF4B-00C04F79EFBC}") = "API.Tests", "API.Tests\API.Tests.csproj", "{F3713D4F-1A23-4EEB-AFE7-8E5D48162E50}"
EndProject
Project("{FAE04EC0-301F-11D3-BF4B-00C04F79EFBC}") = "WindowsApplication", "WindowsApplication\WindowsApplication.csproj", "{AFC0B661-36AC-4D5A-BC8C-3C1D7960D7B6}"
EndProject
Project("{FAE04EC0-301F-11D3-BF4B-00C04F79EFBC}") = "Core", "Core\Core.csproj", "{A897D756-7BA8-4445-BA1B-3999702D2145}"
EndProject
Project("{FAE04EC0-301F-11D3-BF4B-00C04F79EFBC}") = "Services", "Services\Services.csproj", "{7BB676DC-50E8-4762-9E68-85A86DB8AEDE}"
EndProject
Project("{2150E333-8FDC-42A3-9474-1A3956D46DE8}") = "DataAccessLayer", "DataAccessLayer", "{CD159F62-BABD-40A5-B1CE-49FB6D0DAF0C}"
EndProject
Project("{2150E333-8FDC-42A3-9474-1A3956D46DE8}") = "BusinessLayer", "BusinessLayer", "{6A6D35F3-37E3-4292-B939-5AAFBDF10525}"
EndProject
Project("{2150E333-8FDC-42A3-9474-1A3956D46DE8}") = "WebAPI", "WebAPI", "{F3838D09-5CBE-4722-9D0E-36B7D290A70C}"
EndProject
Project("{2150E333-8FDC-42A3-9474-1A3956D46DE8}") = "ApplicationLayer", "ApplicationLayer", "{184596CF-EA09-4654-B4BC-22ABDC389394}"
EndProject
Global
	GlobalSection(SolutionConfigurationPlatforms) = preSolution
		Debug|Any CPU = Debug|Any CPU
		Release|Any CPU = Release|Any CPU
	EndGlobalSection
	GlobalSection(ProjectConfigurationPlatforms) = postSolution
		{7B8E5DE4-3DF8-44AF-AF12-AD4825907585}.Debug|Any CPU.ActiveCfg = Debug|Any CPU
		{7B8E5DE4-3DF8-44AF-AF12-AD4825907585}.Debug|Any CPU.Build.0 = Debug|Any CPU
		{7B8E5DE4-3DF8-44AF-AF12-AD4825907585}.Release|Any CPU.ActiveCfg = Release|Any CPU
		{7B8E5DE4-3DF8-44AF-AF12-AD4825907585}.Release|Any CPU.Build.0 = Release|Any CPU
		{F1FF0679-85EF-458D-A4DF-753F4DA767DB}.Debug|Any CPU.ActiveCfg = Debug|Any CPU
		{F1FF0679-85EF-458D-A4DF-753F4DA767DB}.Debug|Any CPU.Build.0 = Debug|Any CPU
		{F1FF0679-85EF-458D-A4DF-753F4DA767DB}.Release|Any CPU.ActiveCfg = Release|Any CPU
		{F1FF0679-85EF-458D-A4DF-753F4DA767DB}.Release|Any CPU.Build.0 = Release|Any CPU
		{F3713D4F-1A23-4EEB-AFE7-8E5D48162E50}.Debug|Any CPU.ActiveCfg = Debug|Any CPU
		{F3713D4F-1A23-4EEB-AFE7-8E5D48162E50}.Debug|Any CPU.Build.0 = Debug|Any CPU
		{F3713D4F-1A23-4EEB-AFE7-8E5D48162E50}.Release|Any CPU.ActiveCfg = Release|Any CPU
		{F3713D4F-1A23-4EEB-AFE7-8E5D48162E50}.Release|Any CPU.Build.0 = Release|Any CPU
		{AFC0B661-36AC-4D5A-BC8C-3C1D7960D7B6}.Debug|Any CPU.ActiveCfg = Debug|Any CPU
		{AFC0B661-36AC-4D5A-BC8C-3C1D7960D7B6}.Debug|Any CPU.Build.0 = Debug|Any CPU
		{AFC0B661-36AC-4D5A-BC8C-3C1D7960D7B6}.Release|Any CPU.ActiveCfg = Release|Any CPU
		{AFC0B661-36AC-4D5A-BC8C-3C1D7960D7B6}.Release|Any CPU.Build.0 = Release|Any CPU
		{A897D756-7BA8-4445-BA1B-3999702D2145}.Debug|Any CPU.ActiveCfg = Debug|Any CPU
		{A897D756-7BA8-4445-BA1B-3999702D2145}.Debug|Any CPU.Build.0 = Debug|Any CPU
		{A897D756-7BA8-4445-BA1B-3999702D2145}.Release|Any CPU.ActiveCfg = Release|Any CPU
		{A897D756-7BA8-4445-BA1B-3999702D2145}.Release|Any CPU.Build.0 = Release|Any CPU
		{7BB676DC-50E8-4762-9E68-85A86DB8AEDE}.Debug|Any CPU.ActiveCfg = Debug|Any CPU
		{7BB676DC-50E8-4762-9E68-85A86DB8AEDE}.Debug|Any CPU.Build.0 = Debug|Any CPU
		{7BB676DC-50E8-4762-9E68-85A86DB8AEDE}.Release|Any CPU.ActiveCfg = Release|Any CPU
		{7BB676DC-50E8-4762-9E68-85A86DB8AEDE}.Release|Any CPU.Build.0 = Release|Any CPU
	EndGlobalSection
	GlobalSection(SolutionProperties) = preSolution
		HideSolutionNode = FALSE
	EndGlobalSection
	GlobalSection(NestedProjects) = preSolution
		{7B8E5DE4-3DF8-44AF-AF12-AD4825907585} = {CD159F62-BABD-40A5-B1CE-49FB6D0DAF0C}
		{F1FF0679-85EF-458D-A4DF-753F4DA767DB} = {F3838D09-5CBE-4722-9D0E-36B7D290A70C}
		{F3713D4F-1A23-4EEB-AFE7-8E5D48162E50} = {F3838D09-5CBE-4722-9D0E-36B7D290A70C}
		{AFC0B661-36AC-4D5A-BC8C-3C1D7960D7B6} = {184596CF-EA09-4654-B4BC-22ABDC389394}
		{A897D756-7BA8-4445-BA1B-3999702D2145} = {6A6D35F3-37E3-4292-B939-5AAFBDF10525}
		{7BB676DC-50E8-4762-9E68-85A86DB8AEDE} = {6A6D35F3-37E3-4292-B939-5AAFBDF10525}
	EndGlobalSection
EndGlobal
